
Microsoft Visual Studio Solution File, Format Version 12.00
# Visual Studio 15
VisualStudioVersion = 15.0.27703.2026
MinimumVisualStudioVersion = 10.0.40219.1
Project("{FAE04EC0-301F-11D3-BF4B-00C04F79EFBC}") = "Identity", "Identity\Identity.csproj", "{1902F124-EB60-410A-8BAB-84D65CCEAA5E}"
EndProject
Project("{FAE04EC0-301F-11D3-BF4B-00C04F79EFBC}") = "Identity.jwt", "Identity.jwt\Identity.jwt.csproj", "{0E8C3FD2-E581-4B34-804B-01C6D284CC78}"
EndProject
Global
	GlobalSection(SolutionConfigurationPlatforms) = preSolution
		Debug|Any CPU = Debug|Any CPU
		Release|Any CPU = Release|Any CPU
	EndGlobalSection
	GlobalSection(ProjectConfigurationPlatforms) = postSolution
		{1902F124-EB60-410A-8BAB-84D65CCEAA5E}.Debug|Any CPU.ActiveCfg = Debug|Any CPU
		{1902F124-EB60-410A-8BAB-84D65CCEAA5E}.Debug|Any CPU.Build.0 = Debug|Any CPU
		{1902F124-EB60-410A-8BAB-84D65CCEAA5E}.Release|Any CPU.ActiveCfg = Release|Any CPU
		{1902F124-EB60-410A-8BAB-84D65CCEAA5E}.Release|Any CPU.Build.0 = Release|Any CPU
		{0E8C3FD2-E581-4B34-804B-01C6D284CC78}.Debug|Any CPU.ActiveCfg = Debug|Any CPU
		{0E8C3FD2-E581-4B34-804B-01C6D284CC78}.Debug|Any CPU.Build.0 = Debug|Any CPU
		{0E8C3FD2-E581-4B34-804B-01C6D284CC78}.Release|Any CPU.ActiveCfg = Release|Any CPU
		{0E8C3FD2-E581-4B34-804B-01C6D284CC78}.Release|Any CPU.Build.0 = Release|Any CPU
	EndGlobalSection
	GlobalSection(SolutionProperties) = preSolution
		HideSolutionNode = FALSE
	EndGlobalSection
	GlobalSection(ExtensibilityGlobals) = postSolution
		SolutionGuid = {4BE2679B-F384-40A6-9FD2-DAF18C67137F}
	EndGlobalSection
EndGlobal
